// !$*UTF8*$!
{
	archiveVersion = 1;
	classes = {
	};
	objectVersion = 50;
	objects = {

/* Begin PBXBuildFile section */
		AC1182F0254A220C00E58FE0 /* HomeView.swift in Sources */ = {isa = PBXBuildFile; fileRef = AC1182EF254A220C00E58FE0 /* HomeView.swift */; };
		AC1182F3254A226100E58FE0 /* ProjectsView.swift in Sources */ = {isa = PBXBuildFile; fileRef = AC1182F2254A226100E58FE0 /* ProjectsView.swift */; };
		AC9CA79025482332001BA12C /* ProtofolioApp.swift in Sources */ = {isa = PBXBuildFile; fileRef = AC9CA78F25482332001BA12C /* ProtofolioApp.swift */; };
		AC9CA79225482332001BA12C /* ContentView.swift in Sources */ = {isa = PBXBuildFile; fileRef = AC9CA79125482332001BA12C /* ContentView.swift */; };
		AC9CA79425482333001BA12C /* Assets.xcassets in Resources */ = {isa = PBXBuildFile; fileRef = AC9CA79325482333001BA12C /* Assets.xcassets */; };
		AC9CA79725482333001BA12C /* Preview Assets.xcassets in Resources */ = {isa = PBXBuildFile; fileRef = AC9CA79625482333001BA12C /* Preview Assets.xcassets */; };
		AC9CA7AA2548C434001BA12C /* Main.xcdatamodeld in Sources */ = {isa = PBXBuildFile; fileRef = AC9CA7A82548C434001BA12C /* Main.xcdatamodeld */; };
		AC9CA7AD2548C6E5001BA12C /* DataController.swift in Sources */ = {isa = PBXBuildFile; fileRef = AC9CA7AC2548C6E5001BA12C /* DataController.swift */; };
		AC9CA7B72548CE8B001BA12C /* CloudKit.framework in Frameworks */ = {isa = PBXBuildFile; fileRef = AC9CA7B62548CE8B001BA12C /* CloudKit.framework */; };
/* End PBXBuildFile section */

/* Begin PBXFileReference section */
		AC1182EF254A220C00E58FE0 /* HomeView.swift */ = {isa = PBXFileReference; lastKnownFileType = sourcecode.swift; path = HomeView.swift; sourceTree = "<group>"; };
		AC1182F2254A226100E58FE0 /* ProjectsView.swift */ = {isa = PBXFileReference; lastKnownFileType = sourcecode.swift; path = ProjectsView.swift; sourceTree = "<group>"; };
		AC9CA78C25482331001BA12C /* Protofolio.app */ = {isa = PBXFileReference; explicitFileType = wrapper.application; includeInIndex = 0; path = Protofolio.app; sourceTree = BUILT_PRODUCTS_DIR; };
		AC9CA78F25482332001BA12C /* ProtofolioApp.swift */ = {isa = PBXFileReference; lastKnownFileType = sourcecode.swift; path = ProtofolioApp.swift; sourceTree = "<group>"; };
		AC9CA79125482332001BA12C /* ContentView.swift */ = {isa = PBXFileReference; lastKnownFileType = sourcecode.swift; path = ContentView.swift; sourceTree = "<group>"; };
		AC9CA79325482333001BA12C /* Assets.xcassets */ = {isa = PBXFileReference; lastKnownFileType = folder.assetcatalog; path = Assets.xcassets; sourceTree = "<group>"; };
		AC9CA79625482333001BA12C /* Preview Assets.xcassets */ = {isa = PBXFileReference; lastKnownFileType = folder.assetcatalog; path = "Preview Assets.xcassets"; sourceTree = "<group>"; };
		AC9CA79825482333001BA12C /* Info.plist */ = {isa = PBXFileReference; lastKnownFileType = text.plist.xml; path = Info.plist; sourceTree = "<group>"; };
		AC9CA7A92548C434001BA12C /* Main.xcdatamodel */ = {isa = PBXFileReference; lastKnownFileType = wrapper.xcdatamodel; path = Main.xcdatamodel; sourceTree = "<group>"; };
		AC9CA7AC2548C6E5001BA12C /* DataController.swift */ = {isa = PBXFileReference; lastKnownFileType = sourcecode.swift; path = DataController.swift; sourceTree = "<group>"; };
		AC9CA7B02548CDF2001BA12C /* Protofolio.entitlements */ = {isa = PBXFileReference; lastKnownFileType = text.plist.entitlements; path = Protofolio.entitlements; sourceTree = "<group>"; };
		AC9CA7B62548CE8B001BA12C /* CloudKit.framework */ = {isa = PBXFileReference; lastKnownFileType = wrapper.framework; name = CloudKit.framework; path = System/Library/Frameworks/CloudKit.framework; sourceTree = SDKROOT; };
/* End PBXFileReference section */

/* Begin PBXFrameworksBuildPhase section */
		AC9CA78925482331001BA12C /* Frameworks */ = {
			isa = PBXFrameworksBuildPhase;
			buildActionMask = 2147483647;
			files = (
				AC9CA7B72548CE8B001BA12C /* CloudKit.framework in Frameworks */,
			);
			runOnlyForDeploymentPostprocessing = 0;
		};
/* End PBXFrameworksBuildPhase section */

/* Begin PBXGroup section */
		AC9CA78325482331001BA12C = {
			isa = PBXGroup;
			children = (
				AC9CA78E25482331001BA12C /* Protofolio */,
				AC9CA78D25482331001BA12C /* Products */,
				AC9CA7B52548CE8B001BA12C /* Frameworks */,
			);
			sourceTree = "<group>";
		};
		AC9CA78D25482331001BA12C /* Products */ = {
			isa = PBXGroup;
			children = (
				AC9CA78C25482331001BA12C /* Protofolio.app */,
			);
			name = Products;
			sourceTree = "<group>";
		};
		AC9CA78E25482331001BA12C /* Protofolio */ = {
			isa = PBXGroup;
			children = (
				AC9CA7B02548CDF2001BA12C /* Protofolio.entitlements */,
				AC9CA7A72548C3BF001BA12C /* Model */,
				AC9CA7A02548238E001BA12C /* App */,
				AC9CA7A225482395001BA12C /* Views */,
				AC9CA79F25482386001BA12C /* Resources */,
				AC9CA79525482333001BA12C /* Preview Content */,
			);
			path = Protofolio;
			sourceTree = "<group>";
		};
		AC9CA79525482333001BA12C /* Preview Content */ = {
			isa = PBXGroup;
			children = (
				AC9CA79625482333001BA12C /* Preview Assets.xcassets */,
			);
			path = "Preview Content";
			sourceTree = "<group>";
		};
		AC9CA79F25482386001BA12C /* Resources */ = {
			isa = PBXGroup;
			children = (
				AC9CA7A42548239E001BA12C /* Assets */,
				AC9CA7A5254823A7001BA12C /* Plists */,
			);
			path = Resources;
			sourceTree = "<group>";
		};
		AC9CA7A02548238E001BA12C /* App */ = {
			isa = PBXGroup;
			children = (
				AC9CA78F25482332001BA12C /* ProtofolioApp.swift */,
			);
			path = App;
			sourceTree = "<group>";
		};
		AC9CA7A225482395001BA12C /* Views */ = {
			isa = PBXGroup;
			children = (
				AC9CA79125482332001BA12C /* ContentView.swift */,
				AC1182EF254A220C00E58FE0 /* HomeView.swift */,
				AC1182F2254A226100E58FE0 /* ProjectsView.swift */,
			);
			path = Views;
			sourceTree = "<group>";
		};
		AC9CA7A42548239E001BA12C /* Assets */ = {
			isa = PBXGroup;
			children = (
				AC9CA79325482333001BA12C /* Assets.xcassets */,
			);
			path = Assets;
			sourceTree = "<group>";
		};
		AC9CA7A5254823A7001BA12C /* Plists */ = {
			isa = PBXGroup;
			children = (
				AC9CA79825482333001BA12C /* Info.plist */,
			);
			path = Plists;
			sourceTree = "<group>";
		};
		AC9CA7A72548C3BF001BA12C /* Model */ = {
			isa = PBXGroup;
			children = (
				AC9CA7A82548C434001BA12C /* Main.xcdatamodeld */,
				AC9CA7AC2548C6E5001BA12C /* DataController.swift */,
			);
			path = Model;
			sourceTree = "<group>";
		};
		AC9CA7B52548CE8B001BA12C /* Frameworks */ = {
			isa = PBXGroup;
			children = (
				AC9CA7B62548CE8B001BA12C /* CloudKit.framework */,
			);
			name = Frameworks;
			sourceTree = "<group>";
		};
/* End PBXGroup section */

/* Begin PBXNativeTarget section */
		AC9CA78B25482331001BA12C /* Protofolio */ = {
			isa = PBXNativeTarget;
			buildConfigurationList = AC9CA79B25482333001BA12C /* Build configuration list for PBXNativeTarget "Protofolio" */;
			buildPhases = (
				AC9CA78825482331001BA12C /* Sources */,
				AC9CA78925482331001BA12C /* Frameworks */,
				AC9CA78A25482331001BA12C /* Resources */,
			);
			buildRules = (
			);
			dependencies = (
			);
			name = Protofolio;
			productName = Protofolio;
			productReference = AC9CA78C25482331001BA12C /* Protofolio.app */;
			productType = "com.apple.product-type.application";
		};
/* End PBXNativeTarget section */

/* Begin PBXProject section */
		AC9CA78425482331001BA12C /* Project object */ = {
			isa = PBXProject;
			attributes = {
				LastSwiftUpdateCheck = 1210;
				LastUpgradeCheck = 1210;
				TargetAttributes = {
					AC9CA78B25482331001BA12C = {
						CreatedOnToolsVersion = 12.1;
					};
				};
			};
			buildConfigurationList = AC9CA78725482331001BA12C /* Build configuration list for PBXProject "Protofolio" */;
			compatibilityVersion = "Xcode 9.3";
			developmentRegion = en;
			hasScannedForEncodings = 0;
			knownRegions = (
				en,
				Base,
			);
			mainGroup = AC9CA78325482331001BA12C;
			productRefGroup = AC9CA78D25482331001BA12C /* Products */;
			projectDirPath = "";
			projectRoot = "";
			targets = (
				AC9CA78B25482331001BA12C /* Protofolio */,
			);
		};
/* End PBXProject section */

/* Begin PBXResourcesBuildPhase section */
		AC9CA78A25482331001BA12C /* Resources */ = {
			isa = PBXResourcesBuildPhase;
			buildActionMask = 2147483647;
			files = (
				AC9CA79725482333001BA12C /* Preview Assets.xcassets in Resources */,
				AC9CA79425482333001BA12C /* Assets.xcassets in Resources */,
			);
			runOnlyForDeploymentPostprocessing = 0;
		};
/* End PBXResourcesBuildPhase section */

/* Begin PBXSourcesBuildPhase section */
		AC9CA78825482331001BA12C /* Sources */ = {
			isa = PBXSourcesBuildPhase;
			buildActionMask = 2147483647;
			files = (
				AC1182F3254A226100E58FE0 /* ProjectsView.swift in Sources */,
				AC9CA7AA2548C434001BA12C /* Main.xcdatamodeld in Sources */,
				AC9CA7AD2548C6E5001BA12C /* DataController.swift in Sources */,
				AC9CA79225482332001BA12C /* ContentView.swift in Sources */,
				AC1182F0254A220C00E58FE0 /* HomeView.swift in Sources */,
				AC9CA79025482332001BA12C /* ProtofolioApp.swift in Sources */,
			);
			runOnlyForDeploymentPostprocessing = 0;
		};
/* End PBXSourcesBuildPhase section */

/* Begin XCBuildConfiguration section */
		AC9CA79925482333001BA12C /* Debug */ = {
			isa = XCBuildConfiguration;
			buildSettings = {
				ALWAYS_SEARCH_USER_PATHS = NO;
				CLANG_ANALYZER_NONNULL = YES;
				CLANG_ANALYZER_NUMBER_OBJECT_CONVERSION = YES_AGGRESSIVE;
				CLANG_CXX_LANGUAGE_STANDARD = "gnu++14";
				CLANG_CXX_LIBRARY = "libc++";
				CLANG_ENABLE_MODULES = YES;
				CLANG_ENABLE_OBJC_ARC = YES;
				CLANG_ENABLE_OBJC_WEAK = YES;
				CLANG_WARN_BLOCK_CAPTURE_AUTORELEASING = YES;
				CLANG_WARN_BOOL_CONVERSION = YES;
				CLANG_WARN_COMMA = YES;
				CLANG_WARN_CONSTANT_CONVERSION = YES;
				CLANG_WARN_DEPRECATED_OBJC_IMPLEMENTATIONS = YES;
				CLANG_WARN_DIRECT_OBJC_ISA_USAGE = YES_ERROR;
				CLANG_WARN_DOCUMENTATION_COMMENTS = YES;
				CLANG_WARN_EMPTY_BODY = YES;
				CLANG_WARN_ENUM_CONVERSION = YES;
				CLANG_WARN_INFINITE_RECURSION = YES;
				CLANG_WARN_INT_CONVERSION = YES;
				CLANG_WARN_NON_LITERAL_NULL_CONVERSION = YES;
				CLANG_WARN_OBJC_IMPLICIT_RETAIN_SELF = YES;
				CLANG_WARN_OBJC_LITERAL_CONVERSION = YES;
				CLANG_WARN_OBJC_ROOT_CLASS = YES_ERROR;
				CLANG_WARN_QUOTED_INCLUDE_IN_FRAMEWORK_HEADER = YES;
				CLANG_WARN_RANGE_LOOP_ANALYSIS = YES;
				CLANG_WARN_STRICT_PROTOTYPES = YES;
				CLANG_WARN_SUSPICIOUS_MOVE = YES;
				CLANG_WARN_UNGUARDED_AVAILABILITY = YES_AGGRESSIVE;
				CLANG_WARN_UNREACHABLE_CODE = YES;
				CLANG_WARN__DUPLICATE_METHOD_MATCH = YES;
				COPY_PHASE_STRIP = NO;
				DEBUG_INFORMATION_FORMAT = dwarf;
				ENABLE_STRICT_OBJC_MSGSEND = YES;
				ENABLE_TESTABILITY = YES;
				GCC_C_LANGUAGE_STANDARD = gnu11;
				GCC_DYNAMIC_NO_PIC = NO;
				GCC_NO_COMMON_BLOCKS = YES;
				GCC_OPTIMIZATION_LEVEL = 0;
				GCC_PREPROCESSOR_DEFINITIONS = (
					"DEBUG=1",
					"$(inherited)",
				);
				GCC_WARN_64_TO_32_BIT_CONVERSION = YES;
				GCC_WARN_ABOUT_RETURN_TYPE = YES_ERROR;
				GCC_WARN_UNDECLARED_SELECTOR = YES;
				GCC_WARN_UNINITIALIZED_AUTOS = YES_AGGRESSIVE;
				GCC_WARN_UNUSED_FUNCTION = YES;
				GCC_WARN_UNUSED_VARIABLE = YES;
				IPHONEOS_DEPLOYMENT_TARGET = 14.1;
				MTL_ENABLE_DEBUG_INFO = INCLUDE_SOURCE;
				MTL_FAST_MATH = YES;
				ONLY_ACTIVE_ARCH = YES;
				SDKROOT = iphoneos;
				SWIFT_ACTIVE_COMPILATION_CONDITIONS = DEBUG;
				SWIFT_OPTIMIZATION_LEVEL = "-Onone";
			};
			name = Debug;
		};
		AC9CA79A25482333001BA12C /* Release */ = {
			isa = XCBuildConfiguration;
			buildSettings = {
				ALWAYS_SEARCH_USER_PATHS = NO;
				CLANG_ANALYZER_NONNULL = YES;
				CLANG_ANALYZER_NUMBER_OBJECT_CONVERSION = YES_AGGRESSIVE;
				CLANG_CXX_LANGUAGE_STANDARD = "gnu++14";
				CLANG_CXX_LIBRARY = "libc++";
				CLANG_ENABLE_MODULES = YES;
				CLANG_ENABLE_OBJC_ARC = YES;
				CLANG_ENABLE_OBJC_WEAK = YES;
				CLANG_WARN_BLOCK_CAPTURE_AUTORELEASING = YES;
				CLANG_WARN_BOOL_CONVERSION = YES;
				CLANG_WARN_COMMA = YES;
				CLANG_WARN_CONSTANT_CONVERSION = YES;
				CLANG_WARN_DEPRECATED_OBJC_IMPLEMENTATIONS = YES;
				CLANG_WARN_DIRECT_OBJC_ISA_USAGE = YES_ERROR;
				CLANG_WARN_DOCUMENTATION_COMMENTS = YES;
				CLANG_WARN_EMPTY_BODY = YES;
				CLANG_WARN_ENUM_CONVERSION = YES;
				CLANG_WARN_INFINITE_RECURSION = YES;
				CLANG_WARN_INT_CONVERSION = YES;
				CLANG_WARN_NON_LITERAL_NULL_CONVERSION = YES;
				CLANG_WARN_OBJC_IMPLICIT_RETAIN_SELF = YES;
				CLANG_WARN_OBJC_LITERAL_CONVERSION = YES;
				CLANG_WARN_OBJC_ROOT_CLASS = YES_ERROR;
				CLANG_WARN_QUOTED_INCLUDE_IN_FRAMEWORK_HEADER = YES;
				CLANG_WARN_RANGE_LOOP_ANALYSIS = YES;
				CLANG_WARN_STRICT_PROTOTYPES = YES;
				CLANG_WARN_SUSPICIOUS_MOVE = YES;
				CLANG_WARN_UNGUARDED_AVAILABILITY = YES_AGGRESSIVE;
				CLANG_WARN_UNREACHABLE_CODE = YES;
				CLANG_WARN__DUPLICATE_METHOD_MATCH = YES;
				COPY_PHASE_STRIP = NO;
				DEBUG_INFORMATION_FORMAT = "dwarf-with-dsym";
				ENABLE_NS_ASSERTIONS = NO;
				ENABLE_STRICT_OBJC_MSGSEND = YES;
				GCC_C_LANGUAGE_STANDARD = gnu11;
				GCC_NO_COMMON_BLOCKS = YES;
				GCC_WARN_64_TO_32_BIT_CONVERSION = YES;
				GCC_WARN_ABOUT_RETURN_TYPE = YES_ERROR;
				GCC_WARN_UNDECLARED_SELECTOR = YES;
				GCC_WARN_UNINITIALIZED_AUTOS = YES_AGGRESSIVE;
				GCC_WARN_UNUSED_FUNCTION = YES;
				GCC_WARN_UNUSED_VARIABLE = YES;
				IPHONEOS_DEPLOYMENT_TARGET = 14.1;
				MTL_ENABLE_DEBUG_INFO = NO;
				MTL_FAST_MATH = YES;
				SDKROOT = iphoneos;
				SWIFT_COMPILATION_MODE = wholemodule;
				SWIFT_OPTIMIZATION_LEVEL = "-O";
				VALIDATE_PRODUCT = YES;
			};
			name = Release;
		};
		AC9CA79C25482333001BA12C /* Debug */ = {
			isa = XCBuildConfiguration;
			buildSettings = {
				ASSETCATALOG_COMPILER_APPICON_NAME = AppIcon;
				ASSETCATALOG_COMPILER_GLOBAL_ACCENT_COLOR_NAME = AccentColor;
				CODE_SIGN_ENTITLEMENTS = Protofolio/Protofolio.entitlements;
				CODE_SIGN_STYLE = Automatic;
				DEVELOPMENT_ASSET_PATHS = "\"Protofolio/Preview Content\"";
				DEVELOPMENT_TEAM = A6LH7SM6VR;
				ENABLE_PREVIEWS = YES;
				INFOPLIST_FILE = Protofolio/Resources/Plists/Info.plist;
				IPHONEOS_DEPLOYMENT_TARGET = 14.0;
				LD_RUNPATH_SEARCH_PATHS = (
					"$(inherited)",
					"@executable_path/Frameworks",
				);
				PRODUCT_BUNDLE_IDENTIFIER = no.sutha.ProtofolioApp;
				PRODUCT_NAME = "$(TARGET_NAME)";
				SWIFT_VERSION = 5.0;
				TARGETED_DEVICE_FAMILY = "1,2";
			};
			name = Debug;
		};
		AC9CA79D25482333001BA12C /* Release */ = {
			isa = XCBuildConfiguration;
			buildSettings = {
				ASSETCATALOG_COMPILER_APPICON_NAME = AppIcon;
				ASSETCATALOG_COMPILER_GLOBAL_ACCENT_COLOR_NAME = AccentColor;
				CODE_SIGN_ENTITLEMENTS = Protofolio/Protofolio.entitlements;
				CODE_SIGN_STYLE = Automatic;
				DEVELOPMENT_ASSET_PATHS = "\"Protofolio/Preview Content\"";
				DEVELOPMENT_TEAM = A6LH7SM6VR;
				ENABLE_PREVIEWS = YES;
				INFOPLIST_FILE = Protofolio/Resources/Plists/Info.plist;
				IPHONEOS_DEPLOYMENT_TARGET = 14.0;
				LD_RUNPATH_SEARCH_PATHS = (
					"$(inherited)",
					"@executable_path/Frameworks",
				);
				PRODUCT_BUNDLE_IDENTIFIER = no.sutha.ProtofolioApp;
				PRODUCT_NAME = "$(TARGET_NAME)";
				SWIFT_VERSION = 5.0;
				TARGETED_DEVICE_FAMILY = "1,2";
			};
			name = Release;
		};
/* End XCBuildConfiguration section */

/* Begin XCConfigurationList section */
		AC9CA78725482331001BA12C /* Build configuration list for PBXProject "Protofolio" */ = {
			isa = XCConfigurationList;
			buildConfigurations = (
				AC9CA79925482333001BA12C /* Debug */,
				AC9CA79A25482333001BA12C /* Release */,
			);
			defaultConfigurationIsVisible = 0;
			defaultConfigurationName = Release;
		};
		AC9CA79B25482333001BA12C /* Build configuration list for PBXNativeTarget "Protofolio" */ = {
			isa = XCConfigurationList;
			buildConfigurations = (
				AC9CA79C25482333001BA12C /* Debug */,
				AC9CA79D25482333001BA12C /* Release */,
			);
			defaultConfigurationIsVisible = 0;
			defaultConfigurationName = Release;
		};
/* End XCConfigurationList section */

/* Begin XCVersionGroup section */
		AC9CA7A82548C434001BA12C /* Main.xcdatamodeld */ = {
			isa = XCVersionGroup;
			children = (
				AC9CA7A92548C434001BA12C /* Main.xcdatamodel */,
			);
			currentVersion = AC9CA7A92548C434001BA12C /* Main.xcdatamodel */;
			path = Main.xcdatamodeld;
			sourceTree = "<group>";
			versionGroupType = wrapper.xcdatamodel;
		};
/* End XCVersionGroup section */
	};
	rootObject = AC9CA78425482331001BA12C /* Project object */;
}
